
Microsoft Visual Studio Solution File, Format Version 12.00
# Visual Studio 15
VisualStudioVersion = 15.0.26730.12
MinimumVisualStudioVersion = 10.0.40219.1
Project("{FAE04EC0-301F-11D3-BF4B-00C04F79EFBC}") = "LeilaLab14_2", "LeilaLab14_2\LeilaLab14_2.csproj", "{990DC6BB-F71F-47D4-9E86-EC2D762B5E50}"
EndProject
Global
	GlobalSection(SolutionConfigurationPlatforms) = preSolution
		Debug|Any CPU = Debug|Any CPU
		Release|Any CPU = Release|Any CPU
	EndGlobalSection
	GlobalSection(ProjectConfigurationPlatforms) = postSolution
		{990DC6BB-F71F-47D4-9E86-EC2D762B5E50}.Debug|Any CPU.ActiveCfg = Debug|Any CPU
		{990DC6BB-F71F-47D4-9E86-EC2D762B5E50}.Debug|Any CPU.Build.0 = Debug|Any CPU
		{990DC6BB-F71F-47D4-9E86-EC2D762B5E50}.Release|Any CPU.ActiveCfg = Release|Any CPU
		{990DC6BB-F71F-47D4-9E86-EC2D762B5E50}.Release|Any CPU.Build.0 = Release|Any CPU
	EndGlobalSection
	GlobalSection(SolutionProperties) = preSolution
		HideSolutionNode = FALSE
	EndGlobalSection
	GlobalSection(ExtensibilityGlobals) = postSolution
		SolutionGuid = {43DCF6C8-8562-4F09-9B1E-FE94C3D802A8}
	EndGlobalSection
EndGlobal
